// !$*UTF8*$!
{
	archiveVersion = 1;
	classes = {
	};
	objectVersion = 50;
	objects = {

/* Begin PBXBuildFile section */
		E91C703A229655CC00022FAA /* AppDelegate.swift in Sources */ = {isa = PBXBuildFile; fileRef = E91C7039229655CC00022FAA /* AppDelegate.swift */; };
		E91C703C229655CC00022FAA /* LoginViewController.swift in Sources */ = {isa = PBXBuildFile; fileRef = E91C703B229655CC00022FAA /* LoginViewController.swift */; };
		E91C703F229655CC00022FAA /* Main.storyboard in Resources */ = {isa = PBXBuildFile; fileRef = E91C703D229655CC00022FAA /* Main.storyboard */; };
		E91C7041229655CE00022FAA /* Assets.xcassets in Resources */ = {isa = PBXBuildFile; fileRef = E91C7040229655CE00022FAA /* Assets.xcassets */; };
		E91C7044229655CE00022FAA /* LaunchScreen.storyboard in Resources */ = {isa = PBXBuildFile; fileRef = E91C7042229655CE00022FAA /* LaunchScreen.storyboard */; };
		E91C704F2296581E00022FAA /* UdacityAPI.swift in Sources */ = {isa = PBXBuildFile; fileRef = E91C704E2296581E00022FAA /* UdacityAPI.swift */; };
		E9DE4E3522967EED00082554 /* MapViewController.swift in Sources */ = {isa = PBXBuildFile; fileRef = E9DE4E3422967EED00082554 /* MapViewController.swift */; };
		E9DE4E3722968A2C00082554 /* StudentLocation.swift in Sources */ = {isa = PBXBuildFile; fileRef = E9DE4E3622968A2C00082554 /* StudentLocation.swift */; };
		E9DE4E3922979F8700082554 /* TableViewController.swift in Sources */ = {isa = PBXBuildFile; fileRef = E9DE4E3822979F8700082554 /* TableViewController.swift */; };
		E9FF1C93229BABD200E567A9 /* AddLocationViewController.swift in Sources */ = {isa = PBXBuildFile; fileRef = E9FF1C92229BABD200E567A9 /* AddLocationViewController.swift */; };
		E9FF1C95229BB07800E567A9 /* PostLocationViewController.swift in Sources */ = {isa = PBXBuildFile; fileRef = E9FF1C94229BB07800E567A9 /* PostLocationViewController.swift */; };
/* End PBXBuildFile section */

/* Begin PBXFileReference section */
		E91C7036229655CC00022FAA /* OnTheMap.app */ = {isa = PBXFileReference; explicitFileType = wrapper.application; includeInIndex = 0; path = OnTheMap.app; sourceTree = BUILT_PRODUCTS_DIR; };
		E91C7039229655CC00022FAA /* AppDelegate.swift */ = {isa = PBXFileReference; lastKnownFileType = sourcecode.swift; path = AppDelegate.swift; sourceTree = "<group>"; };
		E91C703B229655CC00022FAA /* LoginViewController.swift */ = {isa = PBXFileReference; lastKnownFileType = sourcecode.swift; path = LoginViewController.swift; sourceTree = "<group>"; };
		E91C703E229655CC00022FAA /* Base */ = {isa = PBXFileReference; lastKnownFileType = file.storyboard; name = Base; path = Base.lproj/Main.storyboard; sourceTree = "<group>"; };
		E91C7040229655CE00022FAA /* Assets.xcassets */ = {isa = PBXFileReference; lastKnownFileType = folder.assetcatalog; path = Assets.xcassets; sourceTree = "<group>"; };
		E91C7043229655CE00022FAA /* Base */ = {isa = PBXFileReference; lastKnownFileType = file.storyboard; name = Base; path = Base.lproj/LaunchScreen.storyboard; sourceTree = "<group>"; };
		E91C7045229655CE00022FAA /* Info.plist */ = {isa = PBXFileReference; lastKnownFileType = text.plist.xml; path = Info.plist; sourceTree = "<group>"; };
		E91C704E2296581E00022FAA /* UdacityAPI.swift */ = {isa = PBXFileReference; lastKnownFileType = sourcecode.swift; path = UdacityAPI.swift; sourceTree = "<group>"; };
		E9DE4E3422967EED00082554 /* MapViewController.swift */ = {isa = PBXFileReference; lastKnownFileType = sourcecode.swift; path = MapViewController.swift; sourceTree = "<group>"; };
		E9DE4E3622968A2C00082554 /* StudentLocation.swift */ = {isa = PBXFileReference; lastKnownFileType = sourcecode.swift; path = StudentLocation.swift; sourceTree = "<group>"; };
		E9DE4E3822979F8700082554 /* TableViewController.swift */ = {isa = PBXFileReference; lastKnownFileType = sourcecode.swift; path = TableViewController.swift; sourceTree = "<group>"; };
		E9FF1C92229BABD200E567A9 /* AddLocationViewController.swift */ = {isa = PBXFileReference; lastKnownFileType = sourcecode.swift; path = AddLocationViewController.swift; sourceTree = "<group>"; };
		E9FF1C94229BB07800E567A9 /* PostLocationViewController.swift */ = {isa = PBXFileReference; lastKnownFileType = sourcecode.swift; path = PostLocationViewController.swift; sourceTree = "<group>"; };
/* End PBXFileReference section */

/* Begin PBXFrameworksBuildPhase section */
		E91C7033229655CC00022FAA /* Frameworks */ = {
			isa = PBXFrameworksBuildPhase;
			buildActionMask = 2147483647;
			files = (
			);
			runOnlyForDeploymentPostprocessing = 0;
		};
/* End PBXFrameworksBuildPhase section */

/* Begin PBXGroup section */
		E91C702D229655CC00022FAA = {
			isa = PBXGroup;
			children = (
				E91C7038229655CC00022FAA /* OnTheMap */,
				E91C7037229655CC00022FAA /* Products */,
			);
			sourceTree = "<group>";
		};
		E91C7037229655CC00022FAA /* Products */ = {
			isa = PBXGroup;
			children = (
				E91C7036229655CC00022FAA /* OnTheMap.app */,
			);
			name = Products;
			sourceTree = "<group>";
		};
		E91C7038229655CC00022FAA /* OnTheMap */ = {
			isa = PBXGroup;
			children = (
				E91C7039229655CC00022FAA /* AppDelegate.swift */,
				E91C7045229655CE00022FAA /* Info.plist */,
				E91C704D229655FE00022FAA /* Model */,
				E91C704C229655F400022FAA /* Controller */,
				E91C704B229655EC00022FAA /* View */,
			);
			path = OnTheMap;
			sourceTree = "<group>";
		};
		E91C704B229655EC00022FAA /* View */ = {
			isa = PBXGroup;
			children = (
				E91C703D229655CC00022FAA /* Main.storyboard */,
				E91C7040229655CE00022FAA /* Assets.xcassets */,
				E91C7042229655CE00022FAA /* LaunchScreen.storyboard */,
			);
			path = View;
			sourceTree = "<group>";
		};
		E91C704C229655F400022FAA /* Controller */ = {
			isa = PBXGroup;
			children = (
				E91C703B229655CC00022FAA /* LoginViewController.swift */,
				E9DE4E3422967EED00082554 /* MapViewController.swift */,
				E9DE4E3822979F8700082554 /* TableViewController.swift */,
				E9FF1C92229BABD200E567A9 /* AddLocationViewController.swift */,
				E9FF1C94229BB07800E567A9 /* PostLocationViewController.swift */,
			);
			path = Controller;
			sourceTree = "<group>";
		};
		E91C704D229655FE00022FAA /* Model */ = {
			isa = PBXGroup;
			children = (
				E91C704E2296581E00022FAA /* UdacityAPI.swift */,
				E9DE4E3622968A2C00082554 /* StudentLocation.swift */,
			);
			path = Model;
			sourceTree = "<group>";
		};
/* End PBXGroup section */

/* Begin PBXNativeTarget section */
		E91C7035229655CC00022FAA /* OnTheMap */ = {
			isa = PBXNativeTarget;
			buildConfigurationList = E91C7048229655CE00022FAA /* Build configuration list for PBXNativeTarget "OnTheMap" */;
			buildPhases = (
				E91C7032229655CC00022FAA /* Sources */,
				E91C7033229655CC00022FAA /* Frameworks */,
				E91C7034229655CC00022FAA /* Resources */,
			);
			buildRules = (
			);
			dependencies = (
			);
			name = OnTheMap;
			productName = OnTheMap;
			productReference = E91C7036229655CC00022FAA /* OnTheMap.app */;
			productType = "com.apple.product-type.application";
		};
/* End PBXNativeTarget section */

/* Begin PBXProject section */
		E91C702E229655CC00022FAA /* Project object */ = {
			isa = PBXProject;
			attributes = {
				LastSwiftUpdateCheck = 1020;
				LastUpgradeCheck = 1020;
				ORGANIZATIONNAME = Udacity;
				TargetAttributes = {
					E91C7035229655CC00022FAA = {
						CreatedOnToolsVersion = 10.2.1;
					};
				};
			};
			buildConfigurationList = E91C7031229655CC00022FAA /* Build configuration list for PBXProject "OnTheMap" */;
			compatibilityVersion = "Xcode 9.3";
			developmentRegion = en;
			hasScannedForEncodings = 0;
			knownRegions = (
				en,
				Base,
			);
			mainGroup = E91C702D229655CC00022FAA;
			productRefGroup = E91C7037229655CC00022FAA /* Products */;
			projectDirPath = "";
			projectRoot = "";
			targets = (
				E91C7035229655CC00022FAA /* OnTheMap */,
			);
		};
/* End PBXProject section */

/* Begin PBXResourcesBuildPhase section */
		E91C7034229655CC00022FAA /* Resources */ = {
			isa = PBXResourcesBuildPhase;
			buildActionMask = 2147483647;
			files = (
				E91C7044229655CE00022FAA /* LaunchScreen.storyboard in Resources */,
				E91C7041229655CE00022FAA /* Assets.xcassets in Resources */,
				E91C703F229655CC00022FAA /* Main.storyboard in Resources */,
			);
			runOnlyForDeploymentPostprocessing = 0;
		};
/* End PBXResourcesBuildPhase section */

/* Begin PBXSourcesBuildPhase section */
		E91C7032229655CC00022FAA /* Sources */ = {
			isa = PBXSourcesBuildPhase;
			buildActionMask = 2147483647;
			files = (
				E91C703C229655CC00022FAA /* LoginViewController.swift in Sources */,
				E9DE4E3922979F8700082554 /* TableViewController.swift in Sources */,
				E9FF1C95229BB07800E567A9 /* PostLocationViewController.swift in Sources */,
				E9DE4E3522967EED00082554 /* MapViewController.swift in Sources */,
				E9FF1C93229BABD200E567A9 /* AddLocationViewController.swift in Sources */,
				E91C703A229655CC00022FAA /* AppDelegate.swift in Sources */,
				E9DE4E3722968A2C00082554 /* StudentLocation.swift in Sources */,
				E91C704F2296581E00022FAA /* UdacityAPI.swift in Sources */,
			);
			runOnlyForDeploymentPostprocessing = 0;
		};
/* End PBXSourcesBuildPhase section */

/* Begin PBXVariantGroup section */
		E91C703D229655CC00022FAA /* Main.storyboard */ = {
			isa = PBXVariantGroup;
			children = (
				E91C703E229655CC00022FAA /* Base */,
			);
			name = Main.storyboard;
			sourceTree = "<group>";
		};
		E91C7042229655CE00022FAA /* LaunchScreen.storyboard */ = {
			isa = PBXVariantGroup;
			children = (
				E91C7043229655CE00022FAA /* Base */,
			);
			name = LaunchScreen.storyboard;
			sourceTree = "<group>";
		};
/* End PBXVariantGroup section */

/* Begin XCBuildConfiguration section */
		E91C7046229655CE00022FAA /* Debug */ = {
			isa = XCBuildConfiguration;
			buildSettings = {
				ALWAYS_SEARCH_USER_PATHS = NO;
				CLANG_ANALYZER_NONNULL = YES;
				CLANG_ANALYZER_NUMBER_OBJECT_CONVERSION = YES_AGGRESSIVE;
				CLANG_CXX_LANGUAGE_STANDARD = "gnu++14";
				CLANG_CXX_LIBRARY = "libc++";
				CLANG_ENABLE_MODULES = YES;
				CLANG_ENABLE_OBJC_ARC = YES;
				CLANG_ENABLE_OBJC_WEAK = YES;
				CLANG_WARN_BLOCK_CAPTURE_AUTORELEASING = YES;
				CLANG_WARN_BOOL_CONVERSION = YES;
				CLANG_WARN_COMMA = YES;
				CLANG_WARN_CONSTANT_CONVERSION = YES;
				CLANG_WARN_DEPRECATED_OBJC_IMPLEMENTATIONS = YES;
				CLANG_WARN_DIRECT_OBJC_ISA_USAGE = YES_ERROR;
				CLANG_WARN_DOCUMENTATION_COMMENTS = YES;
				CLANG_WARN_EMPTY_BODY = YES;
				CLANG_WARN_ENUM_CONVERSION = YES;
				CLANG_WARN_INFINITE_RECURSION = YES;
				CLANG_WARN_INT_CONVERSION = YES;
				CLANG_WARN_NON_LITERAL_NULL_CONVERSION = YES;
				CLANG_WARN_OBJC_IMPLICIT_RETAIN_SELF = YES;
				CLANG_WARN_OBJC_LITERAL_CONVERSION = YES;
				CLANG_WARN_OBJC_ROOT_CLASS = YES_ERROR;
				CLANG_WARN_RANGE_LOOP_ANALYSIS = YES;
				CLANG_WARN_STRICT_PROTOTYPES = YES;
				CLANG_WARN_SUSPICIOUS_MOVE = YES;
				CLANG_WARN_UNGUARDED_AVAILABILITY = YES_AGGRESSIVE;
				CLANG_WARN_UNREACHABLE_CODE = YES;
				CLANG_WARN__DUPLICATE_METHOD_MATCH = YES;
				CODE_SIGN_IDENTITY = "iPhone Developer";
				COPY_PHASE_STRIP = NO;
				DEBUG_INFORMATION_FORMAT = dwarf;
				ENABLE_STRICT_OBJC_MSGSEND = YES;
				ENABLE_TESTABILITY = YES;
				GCC_C_LANGUAGE_STANDARD = gnu11;
				GCC_DYNAMIC_NO_PIC = NO;
				GCC_NO_COMMON_BLOCKS = YES;
				GCC_OPTIMIZATION_LEVEL = 0;
				GCC_PREPROCESSOR_DEFINITIONS = (
					"DEBUG=1",
					"$(inherited)",
				);
				GCC_WARN_64_TO_32_BIT_CONVERSION = YES;
				GCC_WARN_ABOUT_RETURN_TYPE = YES_ERROR;
				GCC_WARN_UNDECLARED_SELECTOR = YES;
				GCC_WARN_UNINITIALIZED_AUTOS = YES_AGGRESSIVE;
				GCC_WARN_UNUSED_FUNCTION = YES;
				GCC_WARN_UNUSED_VARIABLE = YES;
				IPHONEOS_DEPLOYMENT_TARGET = 12.2;
				MTL_ENABLE_DEBUG_INFO = INCLUDE_SOURCE;
				MTL_FAST_MATH = YES;
				ONLY_ACTIVE_ARCH = YES;
				SDKROOT = iphoneos;
				SWIFT_ACTIVE_COMPILATION_CONDITIONS = DEBUG;
				SWIFT_OPTIMIZATION_LEVEL = "-Onone";
			};
			name = Debug;
		};
		E91C7047229655CE00022FAA /* Release */ = {
			isa = XCBuildConfiguration;
			buildSettings = {
				ALWAYS_SEARCH_USER_PATHS = NO;
				CLANG_ANALYZER_NONNULL = YES;
				CLANG_ANALYZER_NUMBER_OBJECT_CONVERSION = YES_AGGRESSIVE;
				CLANG_CXX_LANGUAGE_STANDARD = "gnu++14";
				CLANG_CXX_LIBRARY = "libc++";
				CLANG_ENABLE_MODULES = YES;
				CLANG_ENABLE_OBJC_ARC = YES;
				CLANG_ENABLE_OBJC_WEAK = YES;
				CLANG_WARN_BLOCK_CAPTURE_AUTORELEASING = YES;
				CLANG_WARN_BOOL_CONVERSION = YES;
				CLANG_WARN_COMMA = YES;
				CLANG_WARN_CONSTANT_CONVERSION = YES;
				CLANG_WARN_DEPRECATED_OBJC_IMPLEMENTATIONS = YES;
				CLANG_WARN_DIRECT_OBJC_ISA_USAGE = YES_ERROR;
				CLANG_WARN_DOCUMENTATION_COMMENTS = YES;
				CLANG_WARN_EMPTY_BODY = YES;
				CLANG_WARN_ENUM_CONVERSION = YES;
				CLANG_WARN_INFINITE_RECURSION = YES;
				CLANG_WARN_INT_CONVERSION = YES;
				CLANG_WARN_NON_LITERAL_NULL_CONVERSION = YES;
				CLANG_WARN_OBJC_IMPLICIT_RETAIN_SELF = YES;
				CLANG_WARN_OBJC_LITERAL_CONVERSION = YES;
				CLANG_WARN_OBJC_ROOT_CLASS = YES_ERROR;
				CLANG_WARN_RANGE_LOOP_ANALYSIS = YES;
				CLANG_WARN_STRICT_PROTOTYPES = YES;
				CLANG_WARN_SUSPICIOUS_MOVE = YES;
				CLANG_WARN_UNGUARDED_AVAILABILITY = YES_AGGRESSIVE;
				CLANG_WARN_UNREACHABLE_CODE = YES;
				CLANG_WARN__DUPLICATE_METHOD_MATCH = YES;
				CODE_SIGN_IDENTITY = "iPhone Developer";
				COPY_PHASE_STRIP = NO;
				DEBUG_INFORMATION_FORMAT = "dwarf-with-dsym";
				ENABLE_NS_ASSERTIONS = NO;
				ENABLE_STRICT_OBJC_MSGSEND = YES;
				GCC_C_LANGUAGE_STANDARD = gnu11;
				GCC_NO_COMMON_BLOCKS = YES;
				GCC_WARN_64_TO_32_BIT_CONVERSION = YES;
				GCC_WARN_ABOUT_RETURN_TYPE = YES_ERROR;
				GCC_WARN_UNDECLARED_SELECTOR = YES;
				GCC_WARN_UNINITIALIZED_AUTOS = YES_AGGRESSIVE;
				GCC_WARN_UNUSED_FUNCTION = YES;
				GCC_WARN_UNUSED_VARIABLE = YES;
				IPHONEOS_DEPLOYMENT_TARGET = 12.2;
				MTL_ENABLE_DEBUG_INFO = NO;
				MTL_FAST_MATH = YES;
				SDKROOT = iphoneos;
				SWIFT_COMPILATION_MODE = wholemodule;
				SWIFT_OPTIMIZATION_LEVEL = "-O";
				VALIDATE_PRODUCT = YES;
			};
			name = Release;
		};
		E91C7049229655CE00022FAA /* Debug */ = {
			isa = XCBuildConfiguration;
			buildSettings = {
				ASSETCATALOG_COMPILER_APPICON_NAME = AppIcon;
				CODE_SIGN_STYLE = Automatic;
				INFOPLIST_FILE = OnTheMap/Info.plist;
				LD_RUNPATH_SEARCH_PATHS = (
					"$(inherited)",
					"@executable_path/Frameworks",
				);
				PRODUCT_BUNDLE_IDENTIFIER = com.Udacity.OnTheMap;
				PRODUCT_NAME = "$(TARGET_NAME)";
				SWIFT_VERSION = 4.2;
				TARGETED_DEVICE_FAMILY = "1,2";
			};
			name = Debug;
		};
		E91C704A229655CE00022FAA /* Release */ = {
			isa = XCBuildConfiguration;
			buildSettings = {
				ASSETCATALOG_COMPILER_APPICON_NAME = AppIcon;
				CODE_SIGN_STYLE = Automatic;
				INFOPLIST_FILE = OnTheMap/Info.plist;
				LD_RUNPATH_SEARCH_PATHS = (
					"$(inherited)",
					"@executable_path/Frameworks",
				);
				PRODUCT_BUNDLE_IDENTIFIER = com.Udacity.OnTheMap;
				PRODUCT_NAME = "$(TARGET_NAME)";
				SWIFT_VERSION = 4.2;
				TARGETED_DEVICE_FAMILY = "1,2";
			};
			name = Release;
		};
/* End XCBuildConfiguration section */

/* Begin XCConfigurationList section */
		E91C7031229655CC00022FAA /* Build configuration list for PBXProject "OnTheMap" */ = {
			isa = XCConfigurationList;
			buildConfigurations = (
				E91C7046229655CE00022FAA /* Debug */,
				E91C7047229655CE00022FAA /* Release */,
			);
			defaultConfigurationIsVisible = 0;
			defaultConfigurationName = Release;
		};
		E91C7048229655CE00022FAA /* Build configuration list for PBXNativeTarget "OnTheMap" */ = {
			isa = XCConfigurationList;
			buildConfigurations = (
				E91C7049229655CE00022FAA /* Debug */,
				E91C704A229655CE00022FAA /* Release */,
			);
			defaultConfigurationIsVisible = 0;
			defaultConfigurationName = Release;
		};
/* End XCConfigurationList section */
	};
	rootObject = E91C702E229655CC00022FAA /* Project object */;
}
